
Microsoft Visual Studio Solution File, Format Version 12.00
# Visual Studio Version 16
VisualStudioVersion = 16.0.29424.173
MinimumVisualStudioVersion = 10.0.40219.1
Project("{FAE04EC0-301F-11D3-BF4B-00C04F79EFBC}") = "GuidDriveExec", "GuidDriveExec\GuidDriveExec.csproj", "{D0DB3C82-CB4B-491D-A0A9-578B90744B0E}"
EndProject
Global
	GlobalSection(SolutionConfigurationPlatforms) = preSolution
		Debug|Any CPU = Debug|Any CPU
		Release|Any CPU = Release|Any CPU
	EndGlobalSection
	GlobalSection(ProjectConfigurationPlatforms) = postSolution
		{D0DB3C82-CB4B-491D-A0A9-578B90744B0E}.Debug|Any CPU.ActiveCfg = Debug|Any CPU
		{D0DB3C82-CB4B-491D-A0A9-578B90744B0E}.Debug|Any CPU.Build.0 = Debug|Any CPU
		{D0DB3C82-CB4B-491D-A0A9-578B90744B0E}.Release|Any CPU.ActiveCfg = Release|Any CPU
		{D0DB3C82-CB4B-491D-A0A9-578B90744B0E}.Release|Any CPU.Build.0 = Release|Any CPU
	EndGlobalSection
	GlobalSection(SolutionProperties) = preSolution
		HideSolutionNode = FALSE
	EndGlobalSection
	GlobalSection(ExtensibilityGlobals) = postSolution
		SolutionGuid = {30A98F74-E18D-4AF6-9331-0788ACB873F2}
	EndGlobalSection
EndGlobal
